
Microsoft Visual Studio Solution File, Format Version 12.00
# Visual Studio 15
VisualStudioVersion = 15.0.26730.15
MinimumVisualStudioVersion = 10.0.40219.1
Project("{8BC9CEB8-8B4A-11D0-8D11-00A0C91BC942}") = "Exercise2", "Exercise2\Exercise2.vcxproj", "{0A50AA97-5C70-4019-AA50-43350F771145}"
EndProject
Global
	GlobalSection(SolutionConfigurationPlatforms) = preSolution
		Debug|x64 = Debug|x64
		Debug|x86 = Debug|x86
		Release|x64 = Release|x64
		Release|x86 = Release|x86
	EndGlobalSection
	GlobalSection(ProjectConfigurationPlatforms) = postSolution
		{0A50AA97-5C70-4019-AA50-43350F771145}.Debug|x64.ActiveCfg = Debug|x64
		{0A50AA97-5C70-4019-AA50-43350F771145}.Debug|x64.Build.0 = Debug|x64
		{0A50AA97-5C70-4019-AA50-43350F771145}.Debug|x86.ActiveCfg = Debug|Win32
		{0A50AA97-5C70-4019-AA50-43350F771145}.Debug|x86.Build.0 = Debug|Win32
		{0A50AA97-5C70-4019-AA50-43350F771145}.Release|x64.ActiveCfg = Release|x64
		{0A50AA97-5C70-4019-AA50-43350F771145}.Release|x64.Build.0 = Release|x64
		{0A50AA97-5C70-4019-AA50-43350F771145}.Release|x86.ActiveCfg = Release|Win32
		{0A50AA97-5C70-4019-AA50-43350F771145}.Release|x86.Build.0 = Release|Win32
	EndGlobalSection
	GlobalSection(SolutionProperties) = preSolution
		HideSolutionNode = FALSE
	EndGlobalSection
	GlobalSection(ExtensibilityGlobals) = postSolution
		SolutionGuid = {9793DBD6-754B-4758-87EB-F542E52924A6}
	EndGlobalSection
EndGlobal
