
Microsoft Visual Studio Solution File, Format Version 12.00
# Visual Studio 15
VisualStudioVersion = 15.0.26730.15
MinimumVisualStudioVersion = 10.0.40219.1
Project("{8BC9CEB8-8B4A-11D0-8D11-00A0C91BC942}") = "Exercise4", "Exercise4\Exercise4.vcxproj", "{CDF46FDF-9C56-41E4-A5DB-0662B3925E4A}"
EndProject
Global
	GlobalSection(SolutionConfigurationPlatforms) = preSolution
		Debug|x64 = Debug|x64
		Debug|x86 = Debug|x86
		Release|x64 = Release|x64
		Release|x86 = Release|x86
	EndGlobalSection
	GlobalSection(ProjectConfigurationPlatforms) = postSolution
		{CDF46FDF-9C56-41E4-A5DB-0662B3925E4A}.Debug|x64.ActiveCfg = Debug|x64
		{CDF46FDF-9C56-41E4-A5DB-0662B3925E4A}.Debug|x64.Build.0 = Debug|x64
		{CDF46FDF-9C56-41E4-A5DB-0662B3925E4A}.Debug|x86.ActiveCfg = Debug|Win32
		{CDF46FDF-9C56-41E4-A5DB-0662B3925E4A}.Debug|x86.Build.0 = Debug|Win32
		{CDF46FDF-9C56-41E4-A5DB-0662B3925E4A}.Release|x64.ActiveCfg = Release|x64
		{CDF46FDF-9C56-41E4-A5DB-0662B3925E4A}.Release|x64.Build.0 = Release|x64
		{CDF46FDF-9C56-41E4-A5DB-0662B3925E4A}.Release|x86.ActiveCfg = Release|Win32
		{CDF46FDF-9C56-41E4-A5DB-0662B3925E4A}.Release|x86.Build.0 = Release|Win32
	EndGlobalSection
	GlobalSection(SolutionProperties) = preSolution
		HideSolutionNode = FALSE
	EndGlobalSection
	GlobalSection(ExtensibilityGlobals) = postSolution
		SolutionGuid = {789E209B-1B32-4945-A087-45A2732E31C1}
	EndGlobalSection
EndGlobal
