<?xml version="1.0" encoding="utf-8"?>
<Project ToolsVersion="4.0" xmlns="http://schemas.microsoft.com/developer/msbuild/2003">
  <ItemGroup>
    <Filter Include="Source Files">
      <UniqueIdentifier>{4FC737F1-C7A5-4376-A066-2A32D752A2FF}</UniqueIdentifier>
      <Extensions>cpp;c;cc;cxx;def;odl;idl;hpj;bat;asm;asmx</Extensions>
    </Filter>
    <Filter Include="Header Files">
      <UniqueIdentifier>{93995380-89BD-4b04-88EB-625FBE52EBFB}</UniqueIdentifier>
      <Extensions>h;hh;hpp;hxx;hm;inl;inc;xsd</Extensions>
    </Filter>
    <Filter Include="Resource Files">
      <UniqueIdentifier>{67DA6AB6-F800-4c08-8B7A-83BB121AAD01}</UniqueIdentifier>
      <Extensions>rc;ico;cur;bmp;dlg;rc2;rct;bin;rgs;gif;jpg;jpeg;jpe;resx;tiff;tif;png;wav;mfcribbon-ms</Extensions>
    </Filter>
    <Filter Include="Header Files\Exercise1">
      <UniqueIdentifier>{69924d5e-e641-41f0-afe4-fe396417de58}</UniqueIdentifier>
    </Filter>
    <Filter Include="Header Files\Exercise2">
      <UniqueIdentifier>{a3c59f3b-b921-496a-9b4e-8cbd9fd26962}</UniqueIdentifier>
    </Filter>
    <Filter Include="Header Files\Exercise3">
      <UniqueIdentifier>{b1f9716a-b8da-47a3-99c3-905efafcef24}</UniqueIdentifier>
    </Filter>
    <Filter Include="Header Files\Exercise4">
      <UniqueIdentifier>{931e917a-0115-4bee-9868-a1bb17fb8b41}</UniqueIdentifier>
    </Filter>
    <Filter Include="Header Files\Exercise5">
      <UniqueIdentifier>{137fc427-b21c-4045-9455-9b17b374bcd0}</UniqueIdentifier>
    </Filter>
  </ItemGroup>
  <ItemGroup>
    <ClCompile Include="Main.cpp">
      <Filter>Source Files</Filter>
    </ClCompile>
  </ItemGroup>
  <ItemGroup>
    <ClInclude Include="Exercise1.hpp">
      <Filter>Header Files\Exercise1</Filter>
    </ClInclude>
    <ClInclude Include="Exercise1_AddCode.hpp">
      <Filter>Header Files\Exercise1</Filter>
    </ClInclude>
    <ClInclude Include="Exercise2.hpp">
      <Filter>Header Files\Exercise2</Filter>
    </ClInclude>
    <ClInclude Include="Exercise3.hpp">
      <Filter>Header Files\Exercise3</Filter>
    </ClInclude>
    <ClInclude Include="Exercise3_AddCode.hpp">
      <Filter>Header Files\Exercise3</Filter>
    </ClInclude>
    <ClInclude Include="Exercise4.hpp">
      <Filter>Header Files\Exercise4</Filter>
    </ClInclude>
    <ClInclude Include="Exercise4_AddCode.hpp">
      <Filter>Header Files\Exercise4</Filter>
    </ClInclude>
    <ClInclude Include="Exercise5.hpp">
      <Filter>Header Files\Exercise5</Filter>
    </ClInclude>
    <ClInclude Include="Exercise5_AddCode.hpp">
      <Filter>Header Files\Exercise5</Filter>
    </ClInclude>
  </ItemGroup>
</Project>