
Microsoft Visual Studio Solution File, Format Version 12.00
# Visual Studio 15
VisualStudioVersion = 15.0.26730.15
MinimumVisualStudioVersion = 10.0.40219.1
Project("{8BC9CEB8-8B4A-11D0-8D11-00A0C91BC942}") = "Exercise3", "Exercise3\Exercise3.vcxproj", "{52F7087B-DF8E-478D-AD65-72A56D4E468C}"
EndProject
Global
	GlobalSection(SolutionConfigurationPlatforms) = preSolution
		Debug|x64 = Debug|x64
		Debug|x86 = Debug|x86
		Release|x64 = Release|x64
		Release|x86 = Release|x86
	EndGlobalSection
	GlobalSection(ProjectConfigurationPlatforms) = postSolution
		{52F7087B-DF8E-478D-AD65-72A56D4E468C}.Debug|x64.ActiveCfg = Debug|x64
		{52F7087B-DF8E-478D-AD65-72A56D4E468C}.Debug|x64.Build.0 = Debug|x64
		{52F7087B-DF8E-478D-AD65-72A56D4E468C}.Debug|x86.ActiveCfg = Debug|Win32
		{52F7087B-DF8E-478D-AD65-72A56D4E468C}.Debug|x86.Build.0 = Debug|Win32
		{52F7087B-DF8E-478D-AD65-72A56D4E468C}.Release|x64.ActiveCfg = Release|x64
		{52F7087B-DF8E-478D-AD65-72A56D4E468C}.Release|x64.Build.0 = Release|x64
		{52F7087B-DF8E-478D-AD65-72A56D4E468C}.Release|x86.ActiveCfg = Release|Win32
		{52F7087B-DF8E-478D-AD65-72A56D4E468C}.Release|x86.Build.0 = Release|Win32
	EndGlobalSection
	GlobalSection(SolutionProperties) = preSolution
		HideSolutionNode = FALSE
	EndGlobalSection
	GlobalSection(ExtensibilityGlobals) = postSolution
		SolutionGuid = {9DFEF898-A3A1-4A90-9F5F-EF351703DCE4}
	EndGlobalSection
EndGlobal
