
Microsoft Visual Studio Solution File, Format Version 12.00
# Visual Studio 15
VisualStudioVersion = 15.0.26730.15
MinimumVisualStudioVersion = 10.0.40219.1
Project("{8BC9CEB8-8B4A-11D0-8D11-00A0C91BC942}") = "Exercise2", "Exercise2\Exercise2.vcxproj", "{5B856003-2F45-49EE-9B6A-C25BB2B27110}"
EndProject
Global
	GlobalSection(SolutionConfigurationPlatforms) = preSolution
		Debug|x64 = Debug|x64
		Debug|x86 = Debug|x86
		Release|x64 = Release|x64
		Release|x86 = Release|x86
	EndGlobalSection
	GlobalSection(ProjectConfigurationPlatforms) = postSolution
		{5B856003-2F45-49EE-9B6A-C25BB2B27110}.Debug|x64.ActiveCfg = Debug|x64
		{5B856003-2F45-49EE-9B6A-C25BB2B27110}.Debug|x64.Build.0 = Debug|x64
		{5B856003-2F45-49EE-9B6A-C25BB2B27110}.Debug|x86.ActiveCfg = Debug|Win32
		{5B856003-2F45-49EE-9B6A-C25BB2B27110}.Debug|x86.Build.0 = Debug|Win32
		{5B856003-2F45-49EE-9B6A-C25BB2B27110}.Release|x64.ActiveCfg = Release|x64
		{5B856003-2F45-49EE-9B6A-C25BB2B27110}.Release|x64.Build.0 = Release|x64
		{5B856003-2F45-49EE-9B6A-C25BB2B27110}.Release|x86.ActiveCfg = Release|Win32
		{5B856003-2F45-49EE-9B6A-C25BB2B27110}.Release|x86.Build.0 = Release|Win32
	EndGlobalSection
	GlobalSection(SolutionProperties) = preSolution
		HideSolutionNode = FALSE
	EndGlobalSection
	GlobalSection(ExtensibilityGlobals) = postSolution
		SolutionGuid = {EBD5EFC1-16B3-453A-BD64-75FD794572CD}
	EndGlobalSection
EndGlobal
