
Microsoft Visual Studio Solution File, Format Version 12.00
# Visual Studio 15
VisualStudioVersion = 15.0.26730.15
MinimumVisualStudioVersion = 10.0.40219.1
Project("{8BC9CEB8-8B4A-11D0-8D11-00A0C91BC942}") = "Exercise2", "Exercise2\Exercise2.vcxproj", "{E5E796FC-0E94-49D2-9D84-33F821D0C947}"
EndProject
Global
	GlobalSection(SolutionConfigurationPlatforms) = preSolution
		Debug|x64 = Debug|x64
		Debug|x86 = Debug|x86
		Release|x64 = Release|x64
		Release|x86 = Release|x86
	EndGlobalSection
	GlobalSection(ProjectConfigurationPlatforms) = postSolution
		{E5E796FC-0E94-49D2-9D84-33F821D0C947}.Debug|x64.ActiveCfg = Debug|x64
		{E5E796FC-0E94-49D2-9D84-33F821D0C947}.Debug|x64.Build.0 = Debug|x64
		{E5E796FC-0E94-49D2-9D84-33F821D0C947}.Debug|x86.ActiveCfg = Debug|Win32
		{E5E796FC-0E94-49D2-9D84-33F821D0C947}.Debug|x86.Build.0 = Debug|Win32
		{E5E796FC-0E94-49D2-9D84-33F821D0C947}.Release|x64.ActiveCfg = Release|x64
		{E5E796FC-0E94-49D2-9D84-33F821D0C947}.Release|x64.Build.0 = Release|x64
		{E5E796FC-0E94-49D2-9D84-33F821D0C947}.Release|x86.ActiveCfg = Release|Win32
		{E5E796FC-0E94-49D2-9D84-33F821D0C947}.Release|x86.Build.0 = Release|Win32
	EndGlobalSection
	GlobalSection(SolutionProperties) = preSolution
		HideSolutionNode = FALSE
	EndGlobalSection
	GlobalSection(ExtensibilityGlobals) = postSolution
		SolutionGuid = {95DC938F-8C81-4A7F-8F66-733321EC5C5E}
	EndGlobalSection
EndGlobal
